
Microsoft Visual Studio Solution File, Format Version 12.00
# Visual Studio 2013
VisualStudioVersion = 12.0.31101.0
MinimumVisualStudioVersion = 10.0.40219.1
Project("{FAE04EC0-301F-11D3-BF4B-00C04F79EFBC}") = "laboratory", "aa\laboratory.csproj", "{EAAA2ED1-00B5-42B7-A1E5-EC7A94C59957}"
EndProject
Project("{FAE04EC0-301F-11D3-BF4B-00C04F79EFBC}") = "libwz.net", "bb\libwz.net.csproj", "{1722466A-BA60-434E-9EC7-2B1E1B7C122C}"
EndProject
Global
	GlobalSection(SolutionConfigurationPlatforms) = preSolution
		Debug|x86 = Debug|x86
		Release|x86 = Release|x86
	EndGlobalSection
	GlobalSection(ProjectConfigurationPlatforms) = postSolution
		{EAAA2ED1-00B5-42B7-A1E5-EC7A94C59957}.Debug|x86.ActiveCfg = Debug|x86
		{EAAA2ED1-00B5-42B7-A1E5-EC7A94C59957}.Debug|x86.Build.0 = Debug|x86
		{EAAA2ED1-00B5-42B7-A1E5-EC7A94C59957}.Release|x86.ActiveCfg = Release|x86
		{EAAA2ED1-00B5-42B7-A1E5-EC7A94C59957}.Release|x86.Build.0 = Release|x86
		{1722466A-BA60-434E-9EC7-2B1E1B7C122C}.Debug|x86.ActiveCfg = Debug|x86
		{1722466A-BA60-434E-9EC7-2B1E1B7C122C}.Debug|x86.Build.0 = Debug|x86
		{1722466A-BA60-434E-9EC7-2B1E1B7C122C}.Release|x86.ActiveCfg = Release|x86
		{1722466A-BA60-434E-9EC7-2B1E1B7C122C}.Release|x86.Build.0 = Release|x86
	EndGlobalSection
	GlobalSection(SolutionProperties) = preSolution
		HideSolutionNode = FALSE
	EndGlobalSection
EndGlobal
